
Microsoft Visual Studio Solution File, Format Version 12.00
# Visual Studio Version 17
VisualStudioVersion = 17.0.31919.166
MinimumVisualStudioVersion = 10.0.40219.1
Project("{9A19103F-16F7-4668-BE54-9A1E7A4F7556}") = "SoftwareMind2", "SoftwareMind2\SoftwareMind2.csproj", "{82F6A507-0D79-47CB-866E-9A5D4508B865}"
EndProject
Project("{FAE04EC0-301F-11D3-BF4B-00C04F79EFBC}") = "TestProject1", "TestProject1\TestProject1.csproj", "{C71CC303-3154-45A0-ABA4-8552DA68EAF4}"
EndProject
Global
	GlobalSection(SolutionConfigurationPlatforms) = preSolution
		Debug|Any CPU = Debug|Any CPU
		Release|Any CPU = Release|Any CPU
	EndGlobalSection
	GlobalSection(ProjectConfigurationPlatforms) = postSolution
		{82F6A507-0D79-47CB-866E-9A5D4508B865}.Debug|Any CPU.ActiveCfg = Debug|Any CPU
		{82F6A507-0D79-47CB-866E-9A5D4508B865}.Debug|Any CPU.Build.0 = Debug|Any CPU
		{82F6A507-0D79-47CB-866E-9A5D4508B865}.Release|Any CPU.ActiveCfg = Release|Any CPU
		{82F6A507-0D79-47CB-866E-9A5D4508B865}.Release|Any CPU.Build.0 = Release|Any CPU
		{C71CC303-3154-45A0-ABA4-8552DA68EAF4}.Debug|Any CPU.ActiveCfg = Debug|Any CPU
		{C71CC303-3154-45A0-ABA4-8552DA68EAF4}.Debug|Any CPU.Build.0 = Debug|Any CPU
		{C71CC303-3154-45A0-ABA4-8552DA68EAF4}.Release|Any CPU.ActiveCfg = Release|Any CPU
		{C71CC303-3154-45A0-ABA4-8552DA68EAF4}.Release|Any CPU.Build.0 = Release|Any CPU
	EndGlobalSection
	GlobalSection(SolutionProperties) = preSolution
		HideSolutionNode = FALSE
	EndGlobalSection
	GlobalSection(ExtensibilityGlobals) = postSolution
		SolutionGuid = {A20270C7-ADCD-485D-B8EF-E77F88E50079}
	EndGlobalSection
EndGlobal
